
Microsoft Visual Studio Solution File, Format Version 12.00
# Visual Studio Version 17
VisualStudioVersion = 17.2.32602.215
MinimumVisualStudioVersion = 10.0.40219.1
Project("{FAE04EC0-301F-11D3-BF4B-00C04F79EFBC}") = "ShoppingClothes", "ShoppingClothes\ShoppingClothes.csproj", "{05ED6AC2-4ACF-4BDD-9265-B6088F71801E}"
EndProject
Global
	GlobalSection(SolutionConfigurationPlatforms) = preSolution
		Debug|Any CPU = Debug|Any CPU
		Release|Any CPU = Release|Any CPU
	EndGlobalSection
	GlobalSection(ProjectConfigurationPlatforms) = postSolution
		{05ED6AC2-4ACF-4BDD-9265-B6088F71801E}.Debug|Any CPU.ActiveCfg = Debug|Any CPU
		{05ED6AC2-4ACF-4BDD-9265-B6088F71801E}.Debug|Any CPU.Build.0 = Debug|Any CPU
		{05ED6AC2-4ACF-4BDD-9265-B6088F71801E}.Release|Any CPU.ActiveCfg = Release|Any CPU
		{05ED6AC2-4ACF-4BDD-9265-B6088F71801E}.Release|Any CPU.Build.0 = Release|Any CPU
	EndGlobalSection
	GlobalSection(SolutionProperties) = preSolution
		HideSolutionNode = FALSE
	EndGlobalSection
	GlobalSection(ExtensibilityGlobals) = postSolution
		SolutionGuid = {0E37E5DB-F39B-4894-A90E-99FE53C31A9F}
	EndGlobalSection
EndGlobal
